// !$*UTF8*$!
{
	archiveVersion = 1;
	classes = {
	};
	objectVersion = 56;
	objects = {

/* Begin PBXBuildFile section */
		9A069D072B47055C0017CC7A /* UIView+ActivityIndicator.swift in Sources */ = {isa = PBXBuildFile; fileRef = 9A069D062B47055C0017CC7A /* UIView+ActivityIndicator.swift */; };
		9A09B6BF2B43FB74003668B7 /* AppDelegate.swift in Sources */ = {isa = PBXBuildFile; fileRef = 9A09B6BE2B43FB74003668B7 /* AppDelegate.swift */; };
		9A09B6C12B43FB74003668B7 /* SceneDelegate.swift in Sources */ = {isa = PBXBuildFile; fileRef = 9A09B6C02B43FB74003668B7 /* SceneDelegate.swift */; };
		9A09B6C82B43FB75003668B7 /* Assets.xcassets in Resources */ = {isa = PBXBuildFile; fileRef = 9A09B6C72B43FB75003668B7 /* Assets.xcassets */; };
		9A09B6CB2B43FB75003668B7 /* LaunchScreen.storyboard in Resources */ = {isa = PBXBuildFile; fileRef = 9A09B6C92B43FB75003668B7 /* LaunchScreen.storyboard */; };
		9A09B6D42B43FE2B003668B7 /* Kingfisher in Frameworks */ = {isa = PBXBuildFile; productRef = 9A09B6D32B43FE2B003668B7 /* Kingfisher */; };
		9A09B6D72B43FE35003668B7 /* Alamofire in Frameworks */ = {isa = PBXBuildFile; productRef = 9A09B6D62B43FE35003668B7 /* Alamofire */; };
		9A09B6DA2B440088003668B7 /* Lottie in Frameworks */ = {isa = PBXBuildFile; productRef = 9A09B6D92B440088003668B7 /* Lottie */; };
		9A09B6E82B44017C003668B7 /* AppLaunchService.swift in Sources */ = {isa = PBXBuildFile; fileRef = 9A09B6E72B44017C003668B7 /* AppLaunchService.swift */; };
		9A09B6EA2B440181003668B7 /* AppConfiguration.swift in Sources */ = {isa = PBXBuildFile; fileRef = 9A09B6E92B440181003668B7 /* AppConfiguration.swift */; };
		9A09B6ED2B4401B9003668B7 /* ServiceLocator.swift in Sources */ = {isa = PBXBuildFile; fileRef = 9A09B6EC2B4401B9003668B7 /* ServiceLocator.swift */; };
		9A09B6EF2B440230003668B7 /* BaseRouter.swift in Sources */ = {isa = PBXBuildFile; fileRef = 9A09B6EE2B440230003668B7 /* BaseRouter.swift */; };
		9A09B6F12B4402DB003668B7 /* NetworkService.swift in Sources */ = {isa = PBXBuildFile; fileRef = 9A09B6F02B4402DB003668B7 /* NetworkService.swift */; };
		9A09B6F42B440316003668B7 /* Endpoint.swift in Sources */ = {isa = PBXBuildFile; fileRef = 9A09B6F32B440316003668B7 /* Endpoint.swift */; };
		9A09B6F62B440335003668B7 /* Requestable.swift in Sources */ = {isa = PBXBuildFile; fileRef = 9A09B6F52B440335003668B7 /* Requestable.swift */; };
		9A09B6F82B440383003668B7 /* JSONDecoder+Default.swift in Sources */ = {isa = PBXBuildFile; fileRef = 9A09B6F72B440383003668B7 /* JSONDecoder+Default.swift */; };
		9A09B6FB2B443A56003668B7 /* ApiConstant.swift in Sources */ = {isa = PBXBuildFile; fileRef = 9A09B6FA2B443A56003668B7 /* ApiConstant.swift */; };
		9A09B70D2B44425C003668B7 /* MovieListPresenter.swift in Sources */ = {isa = PBXBuildFile; fileRef = 9A09B6FE2B44425C003668B7 /* MovieListPresenter.swift */; };
		9A09B70E2B44425C003668B7 /* MoviesGenreList.swift in Sources */ = {isa = PBXBuildFile; fileRef = 9A09B7002B44425C003668B7 /* MoviesGenreList.swift */; };
		9A09B70F2B44425C003668B7 /* MovieList.swift in Sources */ = {isa = PBXBuildFile; fileRef = 9A09B7012B44425C003668B7 /* MovieList.swift */; };
		9A09B7102B44425C003668B7 /* MovieListAssembly.swift in Sources */ = {isa = PBXBuildFile; fileRef = 9A09B7032B44425C003668B7 /* MovieListAssembly.swift */; };
		9A09B7112B44425C003668B7 /* MovieListRouter.swift in Sources */ = {isa = PBXBuildFile; fileRef = 9A09B7042B44425C003668B7 /* MovieListRouter.swift */; };
		9A09B7122B44425C003668B7 /* MovieListViewState.swift in Sources */ = {isa = PBXBuildFile; fileRef = 9A09B7062B44425C003668B7 /* MovieListViewState.swift */; };
		9A09B7132B44425C003668B7 /* MovieListApiService.swift in Sources */ = {isa = PBXBuildFile; fileRef = 9A09B7082B44425C003668B7 /* MovieListApiService.swift */; };
		9A09B7142B44425C003668B7 /* MovieListCollectionViewCell.swift in Sources */ = {isa = PBXBuildFile; fileRef = 9A09B70B2B44425C003668B7 /* MovieListCollectionViewCell.swift */; };
		9A09B7152B44425C003668B7 /* MovieListViewController.swift in Sources */ = {isa = PBXBuildFile; fileRef = 9A09B70C2B44425C003668B7 /* MovieListViewController.swift */; };
		9A09B7172B44434F003668B7 /* SelfIdentifiable+Extension.swift in Sources */ = {isa = PBXBuildFile; fileRef = 9A09B7162B44434F003668B7 /* SelfIdentifiable+Extension.swift */; };
		9A09B7192B444356003668B7 /* UICollectionView+Reusable.swift in Sources */ = {isa = PBXBuildFile; fileRef = 9A09B7182B444356003668B7 /* UICollectionView+Reusable.swift */; };
		9A09B71B2B44436C003668B7 /* UIImageView+ImageService.swift in Sources */ = {isa = PBXBuildFile; fileRef = 9A09B71A2B44436C003668B7 /* UIImageView+ImageService.swift */; };
		9A09B71D2B444371003668B7 /* UIView+Extension.swift in Sources */ = {isa = PBXBuildFile; fileRef = 9A09B71C2B444371003668B7 /* UIView+Extension.swift */; };
		9A09B71F2B44437A003668B7 /* Alert+Extension.swift in Sources */ = {isa = PBXBuildFile; fileRef = 9A09B71E2B44437A003668B7 /* Alert+Extension.swift */; };
		9A09B7212B4443A8003668B7 /* UICollectionViewLayoutProvider+Extension.swift in Sources */ = {isa = PBXBuildFile; fileRef = 9A09B7202B4443A8003668B7 /* UICollectionViewLayoutProvider+Extension.swift */; };
		9A09B7242B4444EF003668B7 /* ImageService.swift in Sources */ = {isa = PBXBuildFile; fileRef = 9A09B7232B4444EF003668B7 /* ImageService.swift */; };
		9A4836AC2B4E9CB800D97E7B /* Optional+Extension.swift in Sources */ = {isa = PBXBuildFile; fileRef = 9A4836AB2B4E9CB800D97E7B /* Optional+Extension.swift */; };
		9A4836AF2B4ED91E00D97E7B /* MovieDetailsHeaderView.swift in Sources */ = {isa = PBXBuildFile; fileRef = 9A4836AE2B4ED91E00D97E7B /* MovieDetailsHeaderView.swift */; };
		9A4836B12B4EDBF700D97E7B /* MovieDetailsAttributeHeaderView.swift in Sources */ = {isa = PBXBuildFile; fileRef = 9A4836B02B4EDBF700D97E7B /* MovieDetailsAttributeHeaderView.swift */; };
		9A4836B32B4EDCEC00D97E7B /* MovieDetailsTrailerTableViewCell.swift in Sources */ = {isa = PBXBuildFile; fileRef = 9A4836B22B4EDCEC00D97E7B /* MovieDetailsTrailerTableViewCell.swift */; };
		9A6143C32B4AAFCE0028CD92 /* ImageScreenViewController.swift in Sources */ = {isa = PBXBuildFile; fileRef = 9A6143C22B4AAFCE0028CD92 /* ImageScreenViewController.swift */; };
		9A6C60FB2B4971CA0051AA5C /* LoadingAnimationViewController.swift in Sources */ = {isa = PBXBuildFile; fileRef = 9A6C60FA2B4971CA0051AA5C /* LoadingAnimationViewController.swift */; };
		9A6C60FE2B497AF00051AA5C /* NetworkReachabilityService.swift in Sources */ = {isa = PBXBuildFile; fileRef = 9A6C60FD2B497AF00051AA5C /* NetworkReachabilityService.swift */; };
		9A7F28882B48BA4D004B2B64 /* MovieListSortType.swift in Sources */ = {isa = PBXBuildFile; fileRef = 9A7F28872B48BA4D004B2B64 /* MovieListSortType.swift */; };
		9A86F0322B49CAAB008E8881 /* MovieDetailsAttributeTableViewCell.swift in Sources */ = {isa = PBXBuildFile; fileRef = 9A86F0312B49CAAB008E8881 /* MovieDetailsAttributeTableViewCell.swift */; };
		9A86F0352B49E176008E8881 /* MovieVideoResult.swift in Sources */ = {isa = PBXBuildFile; fileRef = 9A86F0342B49E176008E8881 /* MovieVideoResult.swift */; };
		9AC7EC0F2B44A12D00014E97 /* StringConvertible+Extension.swift in Sources */ = {isa = PBXBuildFile; fileRef = 9AC7EC0E2B44A12D00014E97 /* StringConvertible+Extension.swift */; };
		9AC7EC112B44AFD100014E97 /* MovieApiConstant.swift in Sources */ = {isa = PBXBuildFile; fileRef = 9AC7EC102B44AFD100014E97 /* MovieApiConstant.swift */; };
		9AD7F44E2B4AF61300DFCF2D /* YouTubeiOSPlayerHelper in Frameworks */ = {isa = PBXBuildFile; productRef = 9AD7F44D2B4AF61300DFCF2D /* YouTubeiOSPlayerHelper */; };
		9AD7F4512B4AF6B100DFCF2D /* YouTubePlayerViewController.swift in Sources */ = {isa = PBXBuildFile; fileRef = 9AD7F4502B4AF6B100DFCF2D /* YouTubePlayerViewController.swift */; };
		9AF09C7E2B498C2F00352535 /* MovieDetailsPresenter.swift in Sources */ = {isa = PBXBuildFile; fileRef = 9AF09C7D2B498C2F00352535 /* MovieDetailsPresenter.swift */; };
		9AF09C802B498C9400352535 /* MovieDetailsViewController.swift in Sources */ = {isa = PBXBuildFile; fileRef = 9AF09C7F2B498C9400352535 /* MovieDetailsViewController.swift */; };
		9AF09C822B498D3E00352535 /* MovieDetailsResult.swift in Sources */ = {isa = PBXBuildFile; fileRef = 9AF09C812B498D3E00352535 /* MovieDetailsResult.swift */; };
		9AF09C842B498D5B00352535 /* MovieDetailsApiService.swift in Sources */ = {isa = PBXBuildFile; fileRef = 9AF09C832B498D5B00352535 /* MovieDetailsApiService.swift */; };
		9AF09C862B49911D00352535 /* MovieDetailsViewState.swift in Sources */ = {isa = PBXBuildFile; fileRef = 9AF09C852B49911D00352535 /* MovieDetailsViewState.swift */; };
		9AF09C882B49917300352535 /* MovieDetailsAssembly.swift in Sources */ = {isa = PBXBuildFile; fileRef = 9AF09C872B49917300352535 /* MovieDetailsAssembly.swift */; };
		9AF218A62B4D6A7E00B1AA9B /* MovieListFooterView.swift in Sources */ = {isa = PBXBuildFile; fileRef = 9AF218A52B4D6A7E00B1AA9B /* MovieListFooterView.swift */; };
		9AF218AA2B4D6D0F00B1AA9B /* UITableView+Reusable.swift in Sources */ = {isa = PBXBuildFile; fileRef = 9AF218A92B4D6D0F00B1AA9B /* UITableView+Reusable.swift */; };
		9AFBCDD22B48321400A2367D /* UIAlertAction+Extension.swift in Sources */ = {isa = PBXBuildFile; fileRef = 9AFBCDD12B48321400A2367D /* UIAlertAction+Extension.swift */; };
		9AFBCDD42B4832BE00A2367D /* AppConstant.swift in Sources */ = {isa = PBXBuildFile; fileRef = 9AFBCDD32B4832BE00A2367D /* AppConstant.swift */; };
/* End PBXBuildFile section */

/* Begin PBXFileReference section */
		9A069D062B47055C0017CC7A /* UIView+ActivityIndicator.swift */ = {isa = PBXFileReference; lastKnownFileType = sourcecode.swift; path = "UIView+ActivityIndicator.swift"; sourceTree = "<group>"; };
		9A09B6BB2B43FB74003668B7 /* NiMovies.app */ = {isa = PBXFileReference; explicitFileType = wrapper.application; includeInIndex = 0; path = NiMovies.app; sourceTree = BUILT_PRODUCTS_DIR; };
		9A09B6BE2B43FB74003668B7 /* AppDelegate.swift */ = {isa = PBXFileReference; lastKnownFileType = sourcecode.swift; path = AppDelegate.swift; sourceTree = "<group>"; };
		9A09B6C02B43FB74003668B7 /* SceneDelegate.swift */ = {isa = PBXFileReference; lastKnownFileType = sourcecode.swift; path = SceneDelegate.swift; sourceTree = "<group>"; };
		9A09B6C72B43FB75003668B7 /* Assets.xcassets */ = {isa = PBXFileReference; lastKnownFileType = folder.assetcatalog; path = Assets.xcassets; sourceTree = "<group>"; };
		9A09B6CA2B43FB75003668B7 /* Base */ = {isa = PBXFileReference; lastKnownFileType = file.storyboard; name = Base; path = Base.lproj/LaunchScreen.storyboard; sourceTree = "<group>"; };
		9A09B6CC2B43FB75003668B7 /* Info.plist */ = {isa = PBXFileReference; lastKnownFileType = text.plist.xml; path = Info.plist; sourceTree = "<group>"; };
		9A09B6E72B44017C003668B7 /* AppLaunchService.swift */ = {isa = PBXFileReference; lastKnownFileType = sourcecode.swift; path = AppLaunchService.swift; sourceTree = "<group>"; };
		9A09B6E92B440181003668B7 /* AppConfiguration.swift */ = {isa = PBXFileReference; lastKnownFileType = sourcecode.swift; path = AppConfiguration.swift; sourceTree = "<group>"; };
		9A09B6EC2B4401B9003668B7 /* ServiceLocator.swift */ = {isa = PBXFileReference; lastKnownFileType = sourcecode.swift; path = ServiceLocator.swift; sourceTree = "<group>"; };
		9A09B6EE2B440230003668B7 /* BaseRouter.swift */ = {isa = PBXFileReference; lastKnownFileType = sourcecode.swift; path = BaseRouter.swift; sourceTree = "<group>"; };
		9A09B6F02B4402DB003668B7 /* NetworkService.swift */ = {isa = PBXFileReference; lastKnownFileType = sourcecode.swift; path = NetworkService.swift; sourceTree = "<group>"; };
		9A09B6F32B440316003668B7 /* Endpoint.swift */ = {isa = PBXFileReference; lastKnownFileType = sourcecode.swift; path = Endpoint.swift; sourceTree = "<group>"; };
		9A09B6F52B440335003668B7 /* Requestable.swift */ = {isa = PBXFileReference; lastKnownFileType = sourcecode.swift; path = Requestable.swift; sourceTree = "<group>"; };
		9A09B6F72B440383003668B7 /* JSONDecoder+Default.swift */ = {isa = PBXFileReference; lastKnownFileType = sourcecode.swift; path = "JSONDecoder+Default.swift"; sourceTree = "<group>"; };
		9A09B6F92B441DD7003668B7 /* Secrets.xcconfig */ = {isa = PBXFileReference; lastKnownFileType = text.xcconfig; path = Secrets.xcconfig; sourceTree = "<group>"; };
		9A09B6FA2B443A56003668B7 /* ApiConstant.swift */ = {isa = PBXFileReference; lastKnownFileType = sourcecode.swift; path = ApiConstant.swift; sourceTree = "<group>"; };
		9A09B6FE2B44425C003668B7 /* MovieListPresenter.swift */ = {isa = PBXFileReference; fileEncoding = 4; lastKnownFileType = sourcecode.swift; path = MovieListPresenter.swift; sourceTree = "<group>"; };
		9A09B7002B44425C003668B7 /* MoviesGenreList.swift */ = {isa = PBXFileReference; fileEncoding = 4; lastKnownFileType = sourcecode.swift; path = MoviesGenreList.swift; sourceTree = "<group>"; };
		9A09B7012B44425C003668B7 /* MovieList.swift */ = {isa = PBXFileReference; fileEncoding = 4; lastKnownFileType = sourcecode.swift; path = MovieList.swift; sourceTree = "<group>"; };
		9A09B7032B44425C003668B7 /* MovieListAssembly.swift */ = {isa = PBXFileReference; fileEncoding = 4; lastKnownFileType = sourcecode.swift; path = MovieListAssembly.swift; sourceTree = "<group>"; };
		9A09B7042B44425C003668B7 /* MovieListRouter.swift */ = {isa = PBXFileReference; fileEncoding = 4; lastKnownFileType = sourcecode.swift; path = MovieListRouter.swift; sourceTree = "<group>"; };
		9A09B7062B44425C003668B7 /* MovieListViewState.swift */ = {isa = PBXFileReference; fileEncoding = 4; lastKnownFileType = sourcecode.swift; path = MovieListViewState.swift; sourceTree = "<group>"; };
		9A09B7082B44425C003668B7 /* MovieListApiService.swift */ = {isa = PBXFileReference; fileEncoding = 4; lastKnownFileType = sourcecode.swift; path = MovieListApiService.swift; sourceTree = "<group>"; };
		9A09B70B2B44425C003668B7 /* MovieListCollectionViewCell.swift */ = {isa = PBXFileReference; fileEncoding = 4; lastKnownFileType = sourcecode.swift; path = MovieListCollectionViewCell.swift; sourceTree = "<group>"; };
		9A09B70C2B44425C003668B7 /* MovieListViewController.swift */ = {isa = PBXFileReference; fileEncoding = 4; lastKnownFileType = sourcecode.swift; path = MovieListViewController.swift; sourceTree = "<group>"; };
		9A09B7162B44434F003668B7 /* SelfIdentifiable+Extension.swift */ = {isa = PBXFileReference; fileEncoding = 4; lastKnownFileType = sourcecode.swift; path = "SelfIdentifiable+Extension.swift"; sourceTree = "<group>"; };
		9A09B7182B444356003668B7 /* UICollectionView+Reusable.swift */ = {isa = PBXFileReference; fileEncoding = 4; lastKnownFileType = sourcecode.swift; path = "UICollectionView+Reusable.swift"; sourceTree = "<group>"; };
		9A09B71A2B44436C003668B7 /* UIImageView+ImageService.swift */ = {isa = PBXFileReference; fileEncoding = 4; lastKnownFileType = sourcecode.swift; path = "UIImageView+ImageService.swift"; sourceTree = "<group>"; };
		9A09B71C2B444371003668B7 /* UIView+Extension.swift */ = {isa = PBXFileReference; fileEncoding = 4; lastKnownFileType = sourcecode.swift; path = "UIView+Extension.swift"; sourceTree = "<group>"; };
		9A09B71E2B44437A003668B7 /* Alert+Extension.swift */ = {isa = PBXFileReference; fileEncoding = 4; lastKnownFileType = sourcecode.swift; path = "Alert+Extension.swift"; sourceTree = "<group>"; };
		9A09B7202B4443A8003668B7 /* UICollectionViewLayoutProvider+Extension.swift */ = {isa = PBXFileReference; lastKnownFileType = sourcecode.swift; path = "UICollectionViewLayoutProvider+Extension.swift"; sourceTree = "<group>"; };
		9A09B7232B4444EF003668B7 /* ImageService.swift */ = {isa = PBXFileReference; fileEncoding = 4; lastKnownFileType = sourcecode.swift; path = ImageService.swift; sourceTree = "<group>"; };
		9A4836AB2B4E9CB800D97E7B /* Optional+Extension.swift */ = {isa = PBXFileReference; lastKnownFileType = sourcecode.swift; path = "Optional+Extension.swift"; sourceTree = "<group>"; };
		9A4836AE2B4ED91E00D97E7B /* MovieDetailsHeaderView.swift */ = {isa = PBXFileReference; lastKnownFileType = sourcecode.swift; path = MovieDetailsHeaderView.swift; sourceTree = "<group>"; };
		9A4836B02B4EDBF700D97E7B /* MovieDetailsAttributeHeaderView.swift */ = {isa = PBXFileReference; lastKnownFileType = sourcecode.swift; path = MovieDetailsAttributeHeaderView.swift; sourceTree = "<group>"; };
		9A4836B22B4EDCEC00D97E7B /* MovieDetailsTrailerTableViewCell.swift */ = {isa = PBXFileReference; lastKnownFileType = sourcecode.swift; path = MovieDetailsTrailerTableViewCell.swift; sourceTree = "<group>"; };
		9A6143C22B4AAFCE0028CD92 /* ImageScreenViewController.swift */ = {isa = PBXFileReference; lastKnownFileType = sourcecode.swift; path = ImageScreenViewController.swift; sourceTree = "<group>"; };
		9A6C60FA2B4971CA0051AA5C /* LoadingAnimationViewController.swift */ = {isa = PBXFileReference; fileEncoding = 4; lastKnownFileType = sourcecode.swift; path = LoadingAnimationViewController.swift; sourceTree = "<group>"; };
		9A6C60FD2B497AF00051AA5C /* NetworkReachabilityService.swift */ = {isa = PBXFileReference; lastKnownFileType = sourcecode.swift; path = NetworkReachabilityService.swift; sourceTree = "<group>"; };
		9A7F28872B48BA4D004B2B64 /* MovieListSortType.swift */ = {isa = PBXFileReference; lastKnownFileType = sourcecode.swift; path = MovieListSortType.swift; sourceTree = "<group>"; };
		9A86F0312B49CAAB008E8881 /* MovieDetailsAttributeTableViewCell.swift */ = {isa = PBXFileReference; lastKnownFileType = sourcecode.swift; path = MovieDetailsAttributeTableViewCell.swift; sourceTree = "<group>"; };
		9A86F0342B49E176008E8881 /* MovieVideoResult.swift */ = {isa = PBXFileReference; lastKnownFileType = sourcecode.swift; path = MovieVideoResult.swift; sourceTree = "<group>"; };
		9AC7EC0E2B44A12D00014E97 /* StringConvertible+Extension.swift */ = {isa = PBXFileReference; lastKnownFileType = sourcecode.swift; path = "StringConvertible+Extension.swift"; sourceTree = "<group>"; };
		9AC7EC102B44AFD100014E97 /* MovieApiConstant.swift */ = {isa = PBXFileReference; lastKnownFileType = sourcecode.swift; path = MovieApiConstant.swift; sourceTree = "<group>"; };
		9AD7F4502B4AF6B100DFCF2D /* YouTubePlayerViewController.swift */ = {isa = PBXFileReference; lastKnownFileType = sourcecode.swift; path = YouTubePlayerViewController.swift; sourceTree = "<group>"; };
		9AF09C7D2B498C2F00352535 /* MovieDetailsPresenter.swift */ = {isa = PBXFileReference; lastKnownFileType = sourcecode.swift; path = MovieDetailsPresenter.swift; sourceTree = "<group>"; };
		9AF09C7F2B498C9400352535 /* MovieDetailsViewController.swift */ = {isa = PBXFileReference; lastKnownFileType = sourcecode.swift; path = MovieDetailsViewController.swift; sourceTree = "<group>"; };
		9AF09C812B498D3E00352535 /* MovieDetailsResult.swift */ = {isa = PBXFileReference; lastKnownFileType = sourcecode.swift; path = MovieDetailsResult.swift; sourceTree = "<group>"; };
		9AF09C832B498D5B00352535 /* MovieDetailsApiService.swift */ = {isa = PBXFileReference; lastKnownFileType = sourcecode.swift; path = MovieDetailsApiService.swift; sourceTree = "<group>"; };
		9AF09C852B49911D00352535 /* MovieDetailsViewState.swift */ = {isa = PBXFileReference; lastKnownFileType = sourcecode.swift; path = MovieDetailsViewState.swift; sourceTree = "<group>"; };
		9AF09C872B49917300352535 /* MovieDetailsAssembly.swift */ = {isa = PBXFileReference; lastKnownFileType = sourcecode.swift; path = MovieDetailsAssembly.swift; sourceTree = "<group>"; };
		9AF218A52B4D6A7E00B1AA9B /* MovieListFooterView.swift */ = {isa = PBXFileReference; lastKnownFileType = sourcecode.swift; path = MovieListFooterView.swift; sourceTree = "<group>"; };
		9AF218A92B4D6D0F00B1AA9B /* UITableView+Reusable.swift */ = {isa = PBXFileReference; lastKnownFileType = sourcecode.swift; path = "UITableView+Reusable.swift"; sourceTree = "<group>"; };
		9AFBCDD12B48321400A2367D /* UIAlertAction+Extension.swift */ = {isa = PBXFileReference; lastKnownFileType = sourcecode.swift; path = "UIAlertAction+Extension.swift"; sourceTree = "<group>"; };
		9AFBCDD32B4832BE00A2367D /* AppConstant.swift */ = {isa = PBXFileReference; lastKnownFileType = sourcecode.swift; path = AppConstant.swift; sourceTree = "<group>"; };
/* End PBXFileReference section */

/* Begin PBXFrameworksBuildPhase section */
		9A09B6B82B43FB74003668B7 /* Frameworks */ = {
			isa = PBXFrameworksBuildPhase;
			buildActionMask = 2147483647;
			files = (
				9A09B6D42B43FE2B003668B7 /* Kingfisher in Frameworks */,
				9A09B6D72B43FE35003668B7 /* Alamofire in Frameworks */,
				9A09B6DA2B440088003668B7 /* Lottie in Frameworks */,
				9AD7F44E2B4AF61300DFCF2D /* YouTubeiOSPlayerHelper in Frameworks */,
			);
			runOnlyForDeploymentPostprocessing = 0;
		};
/* End PBXFrameworksBuildPhase section */

/* Begin PBXGroup section */
		9A09B6B22B43FB74003668B7 = {
			isa = PBXGroup;
			children = (
				9A09B6F92B441DD7003668B7 /* Secrets.xcconfig */,
				9A09B6BD2B43FB74003668B7 /* NiMovies */,
				9A09B6BC2B43FB74003668B7 /* Products */,
			);
			sourceTree = "<group>";
		};
		9A09B6BC2B43FB74003668B7 /* Products */ = {
			isa = PBXGroup;
			children = (
				9A09B6BB2B43FB74003668B7 /* NiMovies.app */,
			);
			name = Products;
			sourceTree = "<group>";
		};
		9A09B6BD2B43FB74003668B7 /* NiMovies */ = {
			isa = PBXGroup;
			children = (
				9A09B6DB2B440099003668B7 /* App */,
				9A09B6DD2B44009F003668B7 /* Common */,
				9A09B6E22B4400CD003668B7 /* Managers */,
				9A09B6DC2B44009B003668B7 /* Presentation */,
				9A09B6E32B4400D0003668B7 /* Services */,
				9A09B6CC2B43FB75003668B7 /* Info.plist */,
			);
			path = NiMovies;
			sourceTree = "<group>";
		};
		9A09B6DB2B440099003668B7 /* App */ = {
			isa = PBXGroup;
			children = (
				9A09B6BE2B43FB74003668B7 /* AppDelegate.swift */,
				9A09B6C02B43FB74003668B7 /* SceneDelegate.swift */,
			);
			path = App;
			sourceTree = "<group>";
		};
		9A09B6DC2B44009B003668B7 /* Presentation */ = {
			isa = PBXGroup;
			children = (
				9AFBCDDA2B487A8700A2367D /* Custom */,
				9A09B6E12B4400C0003668B7 /* Base */,
				9A09B6E42B4400FD003668B7 /* Scenes */,
			);
			path = Presentation;
			sourceTree = "<group>";
		};
		9A09B6DD2B44009F003668B7 /* Common */ = {
			isa = PBXGroup;
			children = (
				9A09B6E02B4400B0003668B7 /* Base */,
				9A09B6DF2B4400AC003668B7 /* Resources */,
				9A09B6DE2B4400A8003668B7 /* Extensions */,
			);
			path = Common;
			sourceTree = "<group>";
		};
		9A09B6DE2B4400A8003668B7 /* Extensions */ = {
			isa = PBXGroup;
			children = (
				9A7F288A2B48C763004B2B64 /* UICollectionView */,
				9A7F28892B48C6F6004B2B64 /* UIView */,
				9A09B71E2B44437A003668B7 /* Alert+Extension.swift */,
				9A09B71A2B44436C003668B7 /* UIImageView+ImageService.swift */,
				9A09B7162B44434F003668B7 /* SelfIdentifiable+Extension.swift */,
				9A09B6F72B440383003668B7 /* JSONDecoder+Default.swift */,
				9AC7EC0E2B44A12D00014E97 /* StringConvertible+Extension.swift */,
				9AFBCDD12B48321400A2367D /* UIAlertAction+Extension.swift */,
				9AF218A92B4D6D0F00B1AA9B /* UITableView+Reusable.swift */,
				9A4836AB2B4E9CB800D97E7B /* Optional+Extension.swift */,
			);
			path = Extensions;
			sourceTree = "<group>";
		};
		9A09B6DF2B4400AC003668B7 /* Resources */ = {
			isa = PBXGroup;
			children = (
				9A09B6C72B43FB75003668B7 /* Assets.xcassets */,
				9AFBCDD32B4832BE00A2367D /* AppConstant.swift */,
				9AC7EC102B44AFD100014E97 /* MovieApiConstant.swift */,
			);
			path = Resources;
			sourceTree = "<group>";
		};
		9A09B6E02B4400B0003668B7 /* Base */ = {
			isa = PBXGroup;
			children = (
				9A09B6C92B43FB75003668B7 /* LaunchScreen.storyboard */,
			);
			path = Base;
			sourceTree = "<group>";
		};
		9A09B6E12B4400C0003668B7 /* Base */ = {
			isa = PBXGroup;
			children = (
				9A09B6EE2B440230003668B7 /* BaseRouter.swift */,
			);
			path = Base;
			sourceTree = "<group>";
		};
		9A09B6E22B4400CD003668B7 /* Managers */ = {
			isa = PBXGroup;
			children = (
				9A09B6E62B44016E003668B7 /* AppLaunchService */,
				9A09B6E52B440168003668B7 /* AppConfiguration */,
				9A09B6EB2B4401AB003668B7 /* ServiceLocator */,
			);
			path = Managers;
			sourceTree = "<group>";
		};
		9A09B6E32B4400D0003668B7 /* Services */ = {
			isa = PBXGroup;
			children = (
				9A09B6F22B4402E7003668B7 /* Network */,
				9A6C60FC2B497AE80051AA5C /* NetworkReachability */,
				9A09B7222B4444EF003668B7 /* ImageService */,
			);
			path = Services;
			sourceTree = "<group>";
		};
		9A09B6E42B4400FD003668B7 /* Scenes */ = {
			isa = PBXGroup;
			children = (
				9AF09C762B498BC200352535 /* MovieDetails */,
				9A09B6FC2B44425C003668B7 /* MovieList */,
			);
			path = Scenes;
			sourceTree = "<group>";
		};
		9A09B6E52B440168003668B7 /* AppConfiguration */ = {
			isa = PBXGroup;
			children = (
				9A09B6E92B440181003668B7 /* AppConfiguration.swift */,
			);
			path = AppConfiguration;
			sourceTree = "<group>";
		};
		9A09B6E62B44016E003668B7 /* AppLaunchService */ = {
			isa = PBXGroup;
			children = (
				9A09B6E72B44017C003668B7 /* AppLaunchService.swift */,
			);
			path = AppLaunchService;
			sourceTree = "<group>";
		};
		9A09B6EB2B4401AB003668B7 /* ServiceLocator */ = {
			isa = PBXGroup;
			children = (
				9A09B6EC2B4401B9003668B7 /* ServiceLocator.swift */,
			);
			path = ServiceLocator;
			sourceTree = "<group>";
		};
		9A09B6F22B4402E7003668B7 /* Network */ = {
			isa = PBXGroup;
			children = (
				9A09B6F02B4402DB003668B7 /* NetworkService.swift */,
				9A09B6F32B440316003668B7 /* Endpoint.swift */,
				9A09B6F52B440335003668B7 /* Requestable.swift */,
				9A09B6FA2B443A56003668B7 /* ApiConstant.swift */,
			);
			path = Network;
			sourceTree = "<group>";
		};
		9A09B6FC2B44425C003668B7 /* MovieList */ = {
			isa = PBXGroup;
			children = (
				9A09B7072B44425C003668B7 /* ApiService */,
				9A09B6FF2B44425C003668B7 /* Model */,
				9A09B7052B44425C003668B7 /* ViewState */,
				9A09B7092B44425C003668B7 /* Views */,
				9A09B6FD2B44425C003668B7 /* Presenter */,
				9A09B7022B44425C003668B7 /* Routing */,
			);
			path = MovieList;
			sourceTree = "<group>";
		};
		9A09B6FD2B44425C003668B7 /* Presenter */ = {
			isa = PBXGroup;
			children = (
				9A09B6FE2B44425C003668B7 /* MovieListPresenter.swift */,
			);
			path = Presenter;
			sourceTree = "<group>";
		};
		9A09B6FF2B44425C003668B7 /* Model */ = {
			isa = PBXGroup;
			children = (
				9A09B7002B44425C003668B7 /* MoviesGenreList.swift */,
				9A09B7012B44425C003668B7 /* MovieList.swift */,
			);
			path = Model;
			sourceTree = "<group>";
		};
		9A09B7022B44425C003668B7 /* Routing */ = {
			isa = PBXGroup;
			children = (
				9A09B7032B44425C003668B7 /* MovieListAssembly.swift */,
				9A09B7042B44425C003668B7 /* MovieListRouter.swift */,
			);
			path = Routing;
			sourceTree = "<group>";
		};
		9A09B7052B44425C003668B7 /* ViewState */ = {
			isa = PBXGroup;
			children = (
				9A09B7062B44425C003668B7 /* MovieListViewState.swift */,
				9A7F28872B48BA4D004B2B64 /* MovieListSortType.swift */,
			);
			path = ViewState;
			sourceTree = "<group>";
		};
		9A09B7072B44425C003668B7 /* ApiService */ = {
			isa = PBXGroup;
			children = (
				9A09B7082B44425C003668B7 /* MovieListApiService.swift */,
			);
			path = ApiService;
			sourceTree = "<group>";
		};
		9A09B7092B44425C003668B7 /* Views */ = {
			isa = PBXGroup;
			children = (
				9A09B70C2B44425C003668B7 /* MovieListViewController.swift */,
				9A09B70A2B44425C003668B7 /* Cells */,
				9AF218A72B4D6A8C00B1AA9B /* SupplementaryViews */,
			);
			path = Views;
			sourceTree = "<group>";
		};
		9A09B70A2B44425C003668B7 /* Cells */ = {
			isa = PBXGroup;
			children = (
				9A09B70B2B44425C003668B7 /* MovieListCollectionViewCell.swift */,
			);
			path = Cells;
			sourceTree = "<group>";
		};
		9A09B7222B4444EF003668B7 /* ImageService */ = {
			isa = PBXGroup;
			children = (
				9A09B7232B4444EF003668B7 /* ImageService.swift */,
			);
			path = ImageService;
			sourceTree = "<group>";
		};
		9A4836AD2B4ED90200D97E7B /* SupplementaryViews */ = {
			isa = PBXGroup;
			children = (
				9A4836AE2B4ED91E00D97E7B /* MovieDetailsHeaderView.swift */,
				9A4836B02B4EDBF700D97E7B /* MovieDetailsAttributeHeaderView.swift */,
			);
			path = SupplementaryViews;
			sourceTree = "<group>";
		};
		9A6143C12B4AAFBF0028CD92 /* ImageScreen */ = {
			isa = PBXGroup;
			children = (
				9A6143C22B4AAFCE0028CD92 /* ImageScreenViewController.swift */,
			);
			path = ImageScreen;
			sourceTree = "<group>";
		};
		9A6143C42B4AB26C0028CD92 /* Cells */ = {
			isa = PBXGroup;
			children = (
				9A86F0312B49CAAB008E8881 /* MovieDetailsAttributeTableViewCell.swift */,
				9A4836B22B4EDCEC00D97E7B /* MovieDetailsTrailerTableViewCell.swift */,
			);
			path = Cells;
			sourceTree = "<group>";
		};
		9A6C60F92B4971CA0051AA5C /* LoadingAnimation */ = {
			isa = PBXGroup;
			children = (
				9A6C60FA2B4971CA0051AA5C /* LoadingAnimationViewController.swift */,
			);
			path = LoadingAnimation;
			sourceTree = "<group>";
		};
		9A6C60FC2B497AE80051AA5C /* NetworkReachability */ = {
			isa = PBXGroup;
			children = (
				9A6C60FD2B497AF00051AA5C /* NetworkReachabilityService.swift */,
			);
			path = NetworkReachability;
			sourceTree = "<group>";
		};
		9A7F28892B48C6F6004B2B64 /* UIView */ = {
			isa = PBXGroup;
			children = (
				9A09B71C2B444371003668B7 /* UIView+Extension.swift */,
				9A069D062B47055C0017CC7A /* UIView+ActivityIndicator.swift */,
			);
			path = UIView;
			sourceTree = "<group>";
		};
		9A7F288A2B48C763004B2B64 /* UICollectionView */ = {
			isa = PBXGroup;
			children = (
				9A09B7182B444356003668B7 /* UICollectionView+Reusable.swift */,
				9A09B7202B4443A8003668B7 /* UICollectionViewLayoutProvider+Extension.swift */,
			);
			path = UICollectionView;
			sourceTree = "<group>";
		};
		9AD7F44F2B4AF69200DFCF2D /* YouTubePlayer */ = {
			isa = PBXGroup;
			children = (
				9AD7F4502B4AF6B100DFCF2D /* YouTubePlayerViewController.swift */,
			);
			path = YouTubePlayer;
			sourceTree = "<group>";
		};
		9AF09C762B498BC200352535 /* MovieDetails */ = {
			isa = PBXGroup;
			children = (
				9AF09C7C2B498BE200352535 /* ApiService */,
				9AF09C7B2B498BDF00352535 /* Model */,
				9AF09C7A2B498BD800352535 /* ViewState */,
				9AF09C792B498BD500352535 /* Views */,
				9AF09C782B498BD100352535 /* Presenter */,
				9AF09C772B498BCC00352535 /* Routing */,
			);
			path = MovieDetails;
			sourceTree = "<group>";
		};
		9AF09C772B498BCC00352535 /* Routing */ = {
			isa = PBXGroup;
			children = (
				9AF09C872B49917300352535 /* MovieDetailsAssembly.swift */,
			);
			path = Routing;
			sourceTree = "<group>";
		};
		9AF09C782B498BD100352535 /* Presenter */ = {
			isa = PBXGroup;
			children = (
				9AF09C7D2B498C2F00352535 /* MovieDetailsPresenter.swift */,
			);
			path = Presenter;
			sourceTree = "<group>";
		};
		9AF09C792B498BD500352535 /* Views */ = {
			isa = PBXGroup;
			children = (
				9AF09C7F2B498C9400352535 /* MovieDetailsViewController.swift */,
				9A4836AD2B4ED90200D97E7B /* SupplementaryViews */,
				9A6143C42B4AB26C0028CD92 /* Cells */,
			);
			path = Views;
			sourceTree = "<group>";
		};
		9AF09C7A2B498BD800352535 /* ViewState */ = {
			isa = PBXGroup;
			children = (
				9AF09C852B49911D00352535 /* MovieDetailsViewState.swift */,
			);
			path = ViewState;
			sourceTree = "<group>";
		};
		9AF09C7B2B498BDF00352535 /* Model */ = {
			isa = PBXGroup;
			children = (
				9AF09C812B498D3E00352535 /* MovieDetailsResult.swift */,
				9A86F0342B49E176008E8881 /* MovieVideoResult.swift */,
			);
			path = Model;
			sourceTree = "<group>";
		};
		9AF09C7C2B498BE200352535 /* ApiService */ = {
			isa = PBXGroup;
			children = (
				9AF09C832B498D5B00352535 /* MovieDetailsApiService.swift */,
			);
			path = ApiService;
			sourceTree = "<group>";
		};
		9AF218A72B4D6A8C00B1AA9B /* SupplementaryViews */ = {
			isa = PBXGroup;
			children = (
				9AF218A52B4D6A7E00B1AA9B /* MovieListFooterView.swift */,
			);
			path = SupplementaryViews;
			sourceTree = "<group>";
		};
		9AFBCDDA2B487A8700A2367D /* Custom */ = {
			isa = PBXGroup;
			children = (
				9AD7F44F2B4AF69200DFCF2D /* YouTubePlayer */,
				9A6143C12B4AAFBF0028CD92 /* ImageScreen */,
				9A6C60F92B4971CA0051AA5C /* LoadingAnimation */,
			);
			path = Custom;
			sourceTree = "<group>";
		};
/* End PBXGroup section */

/* Begin PBXNativeTarget section */
		9A09B6BA2B43FB74003668B7 /* NiMovies */ = {
			isa = PBXNativeTarget;
			buildConfigurationList = 9A09B6CF2B43FB75003668B7 /* Build configuration list for PBXNativeTarget "NiMovies" */;
			buildPhases = (
				9A09B6B72B43FB74003668B7 /* Sources */,
				9A09B6B82B43FB74003668B7 /* Frameworks */,
				9A09B6B92B43FB74003668B7 /* Resources */,
			);
			buildRules = (
			);
			dependencies = (
			);
			name = NiMovies;
			packageProductDependencies = (
				9A09B6D32B43FE2B003668B7 /* Kingfisher */,
				9A09B6D62B43FE35003668B7 /* Alamofire */,
				9A09B6D92B440088003668B7 /* Lottie */,
				9AD7F44D2B4AF61300DFCF2D /* YouTubeiOSPlayerHelper */,
			);
			productName = NiMovies;
			productReference = 9A09B6BB2B43FB74003668B7 /* NiMovies.app */;
			productType = "com.apple.product-type.application";
		};
/* End PBXNativeTarget section */

/* Begin PBXProject section */
		9A09B6B32B43FB74003668B7 /* Project object */ = {
			isa = PBXProject;
			attributes = {
				BuildIndependentTargetsInParallel = 1;
				LastSwiftUpdateCheck = 1500;
				LastUpgradeCheck = 1500;
				TargetAttributes = {
					9A09B6BA2B43FB74003668B7 = {
						CreatedOnToolsVersion = 15.0.1;
					};
				};
			};
			buildConfigurationList = 9A09B6B62B43FB74003668B7 /* Build configuration list for PBXProject "NiMovies" */;
			compatibilityVersion = "Xcode 14.0";
			developmentRegion = en;
			hasScannedForEncodings = 0;
			knownRegions = (
				en,
				Base,
			);
			mainGroup = 9A09B6B22B43FB74003668B7;
			packageReferences = (
				9A09B6D22B43FE2B003668B7 /* XCRemoteSwiftPackageReference "Kingfisher" */,
				9A09B6D52B43FE35003668B7 /* XCRemoteSwiftPackageReference "Alamofire" */,
				9A09B6D82B440088003668B7 /* XCRemoteSwiftPackageReference "lottie-ios" */,
				9AD7F44C2B4AF61300DFCF2D /* XCRemoteSwiftPackageReference "youtube-ios-player-helper" */,
			);
			productRefGroup = 9A09B6BC2B43FB74003668B7 /* Products */;
			projectDirPath = "";
			projectRoot = "";
			targets = (
				9A09B6BA2B43FB74003668B7 /* NiMovies */,
			);
		};
/* End PBXProject section */

/* Begin PBXResourcesBuildPhase section */
		9A09B6B92B43FB74003668B7 /* Resources */ = {
			isa = PBXResourcesBuildPhase;
			buildActionMask = 2147483647;
			files = (
				9A09B6CB2B43FB75003668B7 /* LaunchScreen.storyboard in Resources */,
				9A09B6C82B43FB75003668B7 /* Assets.xcassets in Resources */,
			);
			runOnlyForDeploymentPostprocessing = 0;
		};
/* End PBXResourcesBuildPhase section */

/* Begin PBXSourcesBuildPhase section */
		9A09B6B72B43FB74003668B7 /* Sources */ = {
			isa = PBXSourcesBuildPhase;
			buildActionMask = 2147483647;
			files = (
				9A09B6E82B44017C003668B7 /* AppLaunchService.swift in Sources */,
				9A4836AF2B4ED91E00D97E7B /* MovieDetailsHeaderView.swift in Sources */,
				9A09B7142B44425C003668B7 /* MovieListCollectionViewCell.swift in Sources */,
				9AF218A62B4D6A7E00B1AA9B /* MovieListFooterView.swift in Sources */,
				9AF09C802B498C9400352535 /* MovieDetailsViewController.swift in Sources */,
				9AF218AA2B4D6D0F00B1AA9B /* UITableView+Reusable.swift in Sources */,
				9A6C60FE2B497AF00051AA5C /* NetworkReachabilityService.swift in Sources */,
				9A09B7242B4444EF003668B7 /* ImageService.swift in Sources */,
				9AFBCDD22B48321400A2367D /* UIAlertAction+Extension.swift in Sources */,
				9A09B7132B44425C003668B7 /* MovieListApiService.swift in Sources */,
				9AC7EC112B44AFD100014E97 /* MovieApiConstant.swift in Sources */,
				9A09B70E2B44425C003668B7 /* MoviesGenreList.swift in Sources */,
				9A4836AC2B4E9CB800D97E7B /* Optional+Extension.swift in Sources */,
				9A09B6EF2B440230003668B7 /* BaseRouter.swift in Sources */,
				9A09B71F2B44437A003668B7 /* Alert+Extension.swift in Sources */,
				9A09B6F42B440316003668B7 /* Endpoint.swift in Sources */,
				9A09B6F62B440335003668B7 /* Requestable.swift in Sources */,
				9A7F28882B48BA4D004B2B64 /* MovieListSortType.swift in Sources */,
				9AF09C822B498D3E00352535 /* MovieDetailsResult.swift in Sources */,
				9A09B6ED2B4401B9003668B7 /* ServiceLocator.swift in Sources */,
				9AF09C842B498D5B00352535 /* MovieDetailsApiService.swift in Sources */,
				9A4836B32B4EDCEC00D97E7B /* MovieDetailsTrailerTableViewCell.swift in Sources */,
				9A09B70F2B44425C003668B7 /* MovieList.swift in Sources */,
				9A09B6BF2B43FB74003668B7 /* AppDelegate.swift in Sources */,
				9A86F0322B49CAAB008E8881 /* MovieDetailsAttributeTableViewCell.swift in Sources */,
				9A09B7102B44425C003668B7 /* MovieListAssembly.swift in Sources */,
				9AF09C7E2B498C2F00352535 /* MovieDetailsPresenter.swift in Sources */,
				9A09B7152B44425C003668B7 /* MovieListViewController.swift in Sources */,
				9A09B7122B44425C003668B7 /* MovieListViewState.swift in Sources */,
				9AF09C882B49917300352535 /* MovieDetailsAssembly.swift in Sources */,
				9A6C60FB2B4971CA0051AA5C /* LoadingAnimationViewController.swift in Sources */,
				9A4836B12B4EDBF700D97E7B /* MovieDetailsAttributeHeaderView.swift in Sources */,
				9A09B71B2B44436C003668B7 /* UIImageView+ImageService.swift in Sources */,
				9A86F0352B49E176008E8881 /* MovieVideoResult.swift in Sources */,
				9A09B7192B444356003668B7 /* UICollectionView+Reusable.swift in Sources */,
				9A09B6EA2B440181003668B7 /* AppConfiguration.swift in Sources */,
				9A09B70D2B44425C003668B7 /* MovieListPresenter.swift in Sources */,
				9A09B6C12B43FB74003668B7 /* SceneDelegate.swift in Sources */,
				9A069D072B47055C0017CC7A /* UIView+ActivityIndicator.swift in Sources */,
				9AFBCDD42B4832BE00A2367D /* AppConstant.swift in Sources */,
				9A6143C32B4AAFCE0028CD92 /* ImageScreenViewController.swift in Sources */,
				9AF09C862B49911D00352535 /* MovieDetailsViewState.swift in Sources */,
				9A09B71D2B444371003668B7 /* UIView+Extension.swift in Sources */,
				9A09B6F12B4402DB003668B7 /* NetworkService.swift in Sources */,
				9A09B7172B44434F003668B7 /* SelfIdentifiable+Extension.swift in Sources */,
				9A09B7112B44425C003668B7 /* MovieListRouter.swift in Sources */,
				9AC7EC0F2B44A12D00014E97 /* StringConvertible+Extension.swift in Sources */,
				9A09B7212B4443A8003668B7 /* UICollectionViewLayoutProvider+Extension.swift in Sources */,
				9A09B6F82B440383003668B7 /* JSONDecoder+Default.swift in Sources */,
				9A09B6FB2B443A56003668B7 /* ApiConstant.swift in Sources */,
				9AD7F4512B4AF6B100DFCF2D /* YouTubePlayerViewController.swift in Sources */,
			);
			runOnlyForDeploymentPostprocessing = 0;
		};
/* End PBXSourcesBuildPhase section */

/* Begin PBXVariantGroup section */
		9A09B6C92B43FB75003668B7 /* LaunchScreen.storyboard */ = {
			isa = PBXVariantGroup;
			children = (
				9A09B6CA2B43FB75003668B7 /* Base */,
			);
			name = LaunchScreen.storyboard;
			sourceTree = "<group>";
		};
/* End PBXVariantGroup section */

/* Begin XCBuildConfiguration section */
		9A09B6CD2B43FB75003668B7 /* Debug */ = {
			isa = XCBuildConfiguration;
			baseConfigurationReference = 9A09B6F92B441DD7003668B7 /* Secrets.xcconfig */;
			buildSettings = {
				ALWAYS_SEARCH_USER_PATHS = NO;
				ASSETCATALOG_COMPILER_GENERATE_SWIFT_ASSET_SYMBOL_EXTENSIONS = YES;
				CLANG_ANALYZER_NONNULL = YES;
				CLANG_ANALYZER_NUMBER_OBJECT_CONVERSION = YES_AGGRESSIVE;
				CLANG_CXX_LANGUAGE_STANDARD = "gnu++20";
				CLANG_ENABLE_MODULES = YES;
				CLANG_ENABLE_OBJC_ARC = YES;
				CLANG_ENABLE_OBJC_WEAK = YES;
				CLANG_WARN_BLOCK_CAPTURE_AUTORELEASING = YES;
				CLANG_WARN_BOOL_CONVERSION = YES;
				CLANG_WARN_COMMA = YES;
				CLANG_WARN_CONSTANT_CONVERSION = YES;
				CLANG_WARN_DEPRECATED_OBJC_IMPLEMENTATIONS = YES;
				CLANG_WARN_DIRECT_OBJC_ISA_USAGE = YES_ERROR;
				CLANG_WARN_DOCUMENTATION_COMMENTS = YES;
				CLANG_WARN_EMPTY_BODY = YES;
				CLANG_WARN_ENUM_CONVERSION = YES;
				CLANG_WARN_INFINITE_RECURSION = YES;
				CLANG_WARN_INT_CONVERSION = YES;
				CLANG_WARN_NON_LITERAL_NULL_CONVERSION = YES;
				CLANG_WARN_OBJC_IMPLICIT_RETAIN_SELF = YES;
				CLANG_WARN_OBJC_LITERAL_CONVERSION = YES;
				CLANG_WARN_OBJC_ROOT_CLASS = YES_ERROR;
				CLANG_WARN_QUOTED_INCLUDE_IN_FRAMEWORK_HEADER = YES;
				CLANG_WARN_RANGE_LOOP_ANALYSIS = YES;
				CLANG_WARN_STRICT_PROTOTYPES = YES;
				CLANG_WARN_SUSPICIOUS_MOVE = YES;
				CLANG_WARN_UNGUARDED_AVAILABILITY = YES_AGGRESSIVE;
				CLANG_WARN_UNREACHABLE_CODE = YES;
				CLANG_WARN__DUPLICATE_METHOD_MATCH = YES;
				COPY_PHASE_STRIP = NO;
				DEBUG_INFORMATION_FORMAT = dwarf;
				ENABLE_STRICT_OBJC_MSGSEND = YES;
				ENABLE_TESTABILITY = YES;
				ENABLE_USER_SCRIPT_SANDBOXING = YES;
				GCC_C_LANGUAGE_STANDARD = gnu17;
				GCC_DYNAMIC_NO_PIC = NO;
				GCC_NO_COMMON_BLOCKS = YES;
				GCC_OPTIMIZATION_LEVEL = 0;
				GCC_PREPROCESSOR_DEFINITIONS = (
					"DEBUG=1",
					"$(inherited)",
				);
				GCC_WARN_64_TO_32_BIT_CONVERSION = YES;
				GCC_WARN_ABOUT_RETURN_TYPE = YES_ERROR;
				GCC_WARN_UNDECLARED_SELECTOR = YES;
				GCC_WARN_UNINITIALIZED_AUTOS = YES_AGGRESSIVE;
				GCC_WARN_UNUSED_FUNCTION = YES;
				GCC_WARN_UNUSED_VARIABLE = YES;
				IPHONEOS_DEPLOYMENT_TARGET = 14.0;
				LOCALIZATION_PREFERS_STRING_CATALOGS = YES;
				MTL_ENABLE_DEBUG_INFO = INCLUDE_SOURCE;
				MTL_FAST_MATH = YES;
				ONLY_ACTIVE_ARCH = YES;
				SDKROOT = iphoneos;
				SWIFT_ACTIVE_COMPILATION_CONDITIONS = "DEBUG $(inherited)";
				SWIFT_OPTIMIZATION_LEVEL = "-Onone";
			};
			name = Debug;
		};
		9A09B6CE2B43FB75003668B7 /* Release */ = {
			isa = XCBuildConfiguration;
			baseConfigurationReference = 9A09B6F92B441DD7003668B7 /* Secrets.xcconfig */;
			buildSettings = {
				ALWAYS_SEARCH_USER_PATHS = NO;
				ASSETCATALOG_COMPILER_GENERATE_SWIFT_ASSET_SYMBOL_EXTENSIONS = YES;
				CLANG_ANALYZER_NONNULL = YES;
				CLANG_ANALYZER_NUMBER_OBJECT_CONVERSION = YES_AGGRESSIVE;
				CLANG_CXX_LANGUAGE_STANDARD = "gnu++20";
				CLANG_ENABLE_MODULES = YES;
				CLANG_ENABLE_OBJC_ARC = YES;
				CLANG_ENABLE_OBJC_WEAK = YES;
				CLANG_WARN_BLOCK_CAPTURE_AUTORELEASING = YES;
				CLANG_WARN_BOOL_CONVERSION = YES;
				CLANG_WARN_COMMA = YES;
				CLANG_WARN_CONSTANT_CONVERSION = YES;
				CLANG_WARN_DEPRECATED_OBJC_IMPLEMENTATIONS = YES;
				CLANG_WARN_DIRECT_OBJC_ISA_USAGE = YES_ERROR;
				CLANG_WARN_DOCUMENTATION_COMMENTS = YES;
				CLANG_WARN_EMPTY_BODY = YES;
				CLANG_WARN_ENUM_CONVERSION = YES;
				CLANG_WARN_INFINITE_RECURSION = YES;
				CLANG_WARN_INT_CONVERSION = YES;
				CLANG_WARN_NON_LITERAL_NULL_CONVERSION = YES;
				CLANG_WARN_OBJC_IMPLICIT_RETAIN_SELF = YES;
				CLANG_WARN_OBJC_LITERAL_CONVERSION = YES;
				CLANG_WARN_OBJC_ROOT_CLASS = YES_ERROR;
				CLANG_WARN_QUOTED_INCLUDE_IN_FRAMEWORK_HEADER = YES;
				CLANG_WARN_RANGE_LOOP_ANALYSIS = YES;
				CLANG_WARN_STRICT_PROTOTYPES = YES;
				CLANG_WARN_SUSPICIOUS_MOVE = YES;
				CLANG_WARN_UNGUARDED_AVAILABILITY = YES_AGGRESSIVE;
				CLANG_WARN_UNREACHABLE_CODE = YES;
				CLANG_WARN__DUPLICATE_METHOD_MATCH = YES;
				COPY_PHASE_STRIP = NO;
				DEBUG_INFORMATION_FORMAT = "dwarf-with-dsym";
				ENABLE_NS_ASSERTIONS = NO;
				ENABLE_STRICT_OBJC_MSGSEND = YES;
				ENABLE_USER_SCRIPT_SANDBOXING = YES;
				GCC_C_LANGUAGE_STANDARD = gnu17;
				GCC_NO_COMMON_BLOCKS = YES;
				GCC_WARN_64_TO_32_BIT_CONVERSION = YES;
				GCC_WARN_ABOUT_RETURN_TYPE = YES_ERROR;
				GCC_WARN_UNDECLARED_SELECTOR = YES;
				GCC_WARN_UNINITIALIZED_AUTOS = YES_AGGRESSIVE;
				GCC_WARN_UNUSED_FUNCTION = YES;
				GCC_WARN_UNUSED_VARIABLE = YES;
				IPHONEOS_DEPLOYMENT_TARGET = 14.0;
				LOCALIZATION_PREFERS_STRING_CATALOGS = YES;
				MTL_ENABLE_DEBUG_INFO = NO;
				MTL_FAST_MATH = YES;
				SDKROOT = iphoneos;
				SWIFT_COMPILATION_MODE = wholemodule;
				VALIDATE_PRODUCT = YES;
			};
			name = Release;
		};
		9A09B6D02B43FB75003668B7 /* Debug */ = {
			isa = XCBuildConfiguration;
			buildSettings = {
				ASSETCATALOG_COMPILER_APPICON_NAME = AppIcon;
				ASSETCATALOG_COMPILER_GLOBAL_ACCENT_COLOR_NAME = AccentColor;
				CODE_SIGN_IDENTITY = "Apple Development";
				CODE_SIGN_STYLE = Automatic;
				CURRENT_PROJECT_VERSION = 1;
				DEVELOPMENT_TEAM = 9A2Y9UTZLK;
				GENERATE_INFOPLIST_FILE = YES;
				INFOPLIST_FILE = NiMovies/Info.plist;
				INFOPLIST_KEY_UIApplicationSupportsIndirectInputEvents = YES;
				INFOPLIST_KEY_UILaunchStoryboardName = LaunchScreen;
				INFOPLIST_KEY_UISupportedInterfaceOrientations = UIInterfaceOrientationPortrait;
				IPHONEOS_DEPLOYMENT_TARGET = 14.0;
				LD_RUNPATH_SEARCH_PATHS = (
					"$(inherited)",
					"@executable_path/Frameworks",
				);
				MARKETING_VERSION = 1.0;
				PRODUCT_BUNDLE_IDENTIFIER = com.niestierov.NiMovies;
				PRODUCT_NAME = "$(TARGET_NAME)";
				PROVISIONING_PROFILE_SPECIFIER = "";
				SWIFT_EMIT_LOC_STRINGS = YES;
				SWIFT_VERSION = 5.0;
				TARGETED_DEVICE_FAMILY = "1,2";
			};
			name = Debug;
		};
		9A09B6D12B43FB75003668B7 /* Release */ = {
			isa = XCBuildConfiguration;
			buildSettings = {
				ASSETCATALOG_COMPILER_APPICON_NAME = AppIcon;
				ASSETCATALOG_COMPILER_GLOBAL_ACCENT_COLOR_NAME = AccentColor;
				CODE_SIGN_IDENTITY = "Apple Development";
				CODE_SIGN_STYLE = Automatic;
				CURRENT_PROJECT_VERSION = 1;
				DEVELOPMENT_TEAM = 9A2Y9UTZLK;
				GENERATE_INFOPLIST_FILE = YES;
				INFOPLIST_FILE = NiMovies/Info.plist;
				INFOPLIST_KEY_UIApplicationSupportsIndirectInputEvents = YES;
				INFOPLIST_KEY_UILaunchStoryboardName = LaunchScreen;
				INFOPLIST_KEY_UISupportedInterfaceOrientations = UIInterfaceOrientationPortrait;
				IPHONEOS_DEPLOYMENT_TARGET = 14.0;
				LD_RUNPATH_SEARCH_PATHS = (
					"$(inherited)",
					"@executable_path/Frameworks",
				);
				MARKETING_VERSION = 1.0;
				PRODUCT_BUNDLE_IDENTIFIER = com.niestierov.NiMovies;
				PRODUCT_NAME = "$(TARGET_NAME)";
				PROVISIONING_PROFILE_SPECIFIER = "";
				SWIFT_EMIT_LOC_STRINGS = YES;
				SWIFT_VERSION = 5.0;
				TARGETED_DEVICE_FAMILY = "1,2";
			};
			name = Release;
		};
/* End XCBuildConfiguration section */

/* Begin XCConfigurationList section */
		9A09B6B62B43FB74003668B7 /* Build configuration list for PBXProject "NiMovies" */ = {
			isa = XCConfigurationList;
			buildConfigurations = (
				9A09B6CD2B43FB75003668B7 /* Debug */,
				9A09B6CE2B43FB75003668B7 /* Release */,
			);
			defaultConfigurationIsVisible = 0;
			defaultConfigurationName = Release;
		};
		9A09B6CF2B43FB75003668B7 /* Build configuration list for PBXNativeTarget "NiMovies" */ = {
			isa = XCConfigurationList;
			buildConfigurations = (
				9A09B6D02B43FB75003668B7 /* Debug */,
				9A09B6D12B43FB75003668B7 /* Release */,
			);
			defaultConfigurationIsVisible = 0;
			defaultConfigurationName = Release;
		};
/* End XCConfigurationList section */

/* Begin XCRemoteSwiftPackageReference section */
		9A09B6D22B43FE2B003668B7 /* XCRemoteSwiftPackageReference "Kingfisher" */ = {
			isa = XCRemoteSwiftPackageReference;
			repositoryURL = "https://github.com/onevcat/Kingfisher.git";
			requirement = {
				kind = upToNextMajorVersion;
				minimumVersion = 7.10.1;
			};
		};
		9A09B6D52B43FE35003668B7 /* XCRemoteSwiftPackageReference "Alamofire" */ = {
			isa = XCRemoteSwiftPackageReference;
			repositoryURL = "https://github.com/Alamofire/Alamofire.git";
			requirement = {
				kind = upToNextMajorVersion;
				minimumVersion = 5.8.1;
			};
		};
		9A09B6D82B440088003668B7 /* XCRemoteSwiftPackageReference "lottie-ios" */ = {
			isa = XCRemoteSwiftPackageReference;
			repositoryURL = "https://github.com/airbnb/lottie-ios";
			requirement = {
				kind = upToNextMajorVersion;
				minimumVersion = 4.3.4;
			};
		};
		9AD7F44C2B4AF61300DFCF2D /* XCRemoteSwiftPackageReference "youtube-ios-player-helper" */ = {
			isa = XCRemoteSwiftPackageReference;
			repositoryURL = "https://github.com/youtube/youtube-ios-player-helper.git";
			requirement = {
				kind = upToNextMajorVersion;
				minimumVersion = 1.0.4;
			};
		};
/* End XCRemoteSwiftPackageReference section */

/* Begin XCSwiftPackageProductDependency section */
		9A09B6D32B43FE2B003668B7 /* Kingfisher */ = {
			isa = XCSwiftPackageProductDependency;
			package = 9A09B6D22B43FE2B003668B7 /* XCRemoteSwiftPackageReference "Kingfisher" */;
			productName = Kingfisher;
		};
		9A09B6D62B43FE35003668B7 /* Alamofire */ = {
			isa = XCSwiftPackageProductDependency;
			package = 9A09B6D52B43FE35003668B7 /* XCRemoteSwiftPackageReference "Alamofire" */;
			productName = Alamofire;
		};
		9A09B6D92B440088003668B7 /* Lottie */ = {
			isa = XCSwiftPackageProductDependency;
			package = 9A09B6D82B440088003668B7 /* XCRemoteSwiftPackageReference "lottie-ios" */;
			productName = Lottie;
		};
		9AD7F44D2B4AF61300DFCF2D /* YouTubeiOSPlayerHelper */ = {
			isa = XCSwiftPackageProductDependency;
			package = 9AD7F44C2B4AF61300DFCF2D /* XCRemoteSwiftPackageReference "youtube-ios-player-helper" */;
			productName = YouTubeiOSPlayerHelper;
		};
/* End XCSwiftPackageProductDependency section */
	};
	rootObject = 9A09B6B32B43FB74003668B7 /* Project object */;
}
