// !$*UTF8*$!
{
	archiveVersion = 1;
	classes = {
	};
	objectVersion = 56;
	objects = {

/* Begin PBXBuildFile section */
		9A09B6BF2B43FB74003668B7 /* AppDelegate.swift in Sources */ = {isa = PBXBuildFile; fileRef = 9A09B6BE2B43FB74003668B7 /* AppDelegate.swift */; };
		9A09B6C12B43FB74003668B7 /* SceneDelegate.swift in Sources */ = {isa = PBXBuildFile; fileRef = 9A09B6C02B43FB74003668B7 /* SceneDelegate.swift */; };
		9A09B6C82B43FB75003668B7 /* Assets.xcassets in Resources */ = {isa = PBXBuildFile; fileRef = 9A09B6C72B43FB75003668B7 /* Assets.xcassets */; };
		9A09B6CB2B43FB75003668B7 /* LaunchScreen.storyboard in Resources */ = {isa = PBXBuildFile; fileRef = 9A09B6C92B43FB75003668B7 /* LaunchScreen.storyboard */; };
		9A09B6D42B43FE2B003668B7 /* Kingfisher in Frameworks */ = {isa = PBXBuildFile; productRef = 9A09B6D32B43FE2B003668B7 /* Kingfisher */; };
		9A09B6D72B43FE35003668B7 /* Alamofire in Frameworks */ = {isa = PBXBuildFile; productRef = 9A09B6D62B43FE35003668B7 /* Alamofire */; };
		9A09B6DA2B440088003668B7 /* Lottie in Frameworks */ = {isa = PBXBuildFile; productRef = 9A09B6D92B440088003668B7 /* Lottie */; };
		9A09B6E82B44017C003668B7 /* AppLaunchService.swift in Sources */ = {isa = PBXBuildFile; fileRef = 9A09B6E72B44017C003668B7 /* AppLaunchService.swift */; };
		9A09B6EA2B440181003668B7 /* AppConfiguration.swift in Sources */ = {isa = PBXBuildFile; fileRef = 9A09B6E92B440181003668B7 /* AppConfiguration.swift */; };
		9A09B6ED2B4401B9003668B7 /* ServiceLocator.swift in Sources */ = {isa = PBXBuildFile; fileRef = 9A09B6EC2B4401B9003668B7 /* ServiceLocator.swift */; };
		9A09B6EF2B440230003668B7 /* BaseRouter.swift in Sources */ = {isa = PBXBuildFile; fileRef = 9A09B6EE2B440230003668B7 /* BaseRouter.swift */; };
		9A09B6F12B4402DB003668B7 /* NetworkService.swift in Sources */ = {isa = PBXBuildFile; fileRef = 9A09B6F02B4402DB003668B7 /* NetworkService.swift */; };
		9A09B6F42B440316003668B7 /* Endpoint.swift in Sources */ = {isa = PBXBuildFile; fileRef = 9A09B6F32B440316003668B7 /* Endpoint.swift */; };
		9A09B6F62B440335003668B7 /* Requestable.swift in Sources */ = {isa = PBXBuildFile; fileRef = 9A09B6F52B440335003668B7 /* Requestable.swift */; };
		9A09B6F82B440383003668B7 /* JSONDecoder+Default.swift in Sources */ = {isa = PBXBuildFile; fileRef = 9A09B6F72B440383003668B7 /* JSONDecoder+Default.swift */; };
		9A09B6FB2B443A56003668B7 /* ApiConstant.swift in Sources */ = {isa = PBXBuildFile; fileRef = 9A09B6FA2B443A56003668B7 /* ApiConstant.swift */; };
/* End PBXBuildFile section */

/* Begin PBXFileReference section */
		9A09B6BB2B43FB74003668B7 /* NiMovies.app */ = {isa = PBXFileReference; explicitFileType = wrapper.application; includeInIndex = 0; path = NiMovies.app; sourceTree = BUILT_PRODUCTS_DIR; };
		9A09B6BE2B43FB74003668B7 /* AppDelegate.swift */ = {isa = PBXFileReference; lastKnownFileType = sourcecode.swift; path = AppDelegate.swift; sourceTree = "<group>"; };
		9A09B6C02B43FB74003668B7 /* SceneDelegate.swift */ = {isa = PBXFileReference; lastKnownFileType = sourcecode.swift; path = SceneDelegate.swift; sourceTree = "<group>"; };
		9A09B6C72B43FB75003668B7 /* Assets.xcassets */ = {isa = PBXFileReference; lastKnownFileType = folder.assetcatalog; path = Assets.xcassets; sourceTree = "<group>"; };
		9A09B6CA2B43FB75003668B7 /* Base */ = {isa = PBXFileReference; lastKnownFileType = file.storyboard; name = Base; path = Base.lproj/LaunchScreen.storyboard; sourceTree = "<group>"; };
		9A09B6CC2B43FB75003668B7 /* Info.plist */ = {isa = PBXFileReference; lastKnownFileType = text.plist.xml; path = Info.plist; sourceTree = "<group>"; };
		9A09B6E72B44017C003668B7 /* AppLaunchService.swift */ = {isa = PBXFileReference; lastKnownFileType = sourcecode.swift; path = AppLaunchService.swift; sourceTree = "<group>"; };
		9A09B6E92B440181003668B7 /* AppConfiguration.swift */ = {isa = PBXFileReference; lastKnownFileType = sourcecode.swift; path = AppConfiguration.swift; sourceTree = "<group>"; };
		9A09B6EC2B4401B9003668B7 /* ServiceLocator.swift */ = {isa = PBXFileReference; lastKnownFileType = sourcecode.swift; path = ServiceLocator.swift; sourceTree = "<group>"; };
		9A09B6EE2B440230003668B7 /* BaseRouter.swift */ = {isa = PBXFileReference; lastKnownFileType = sourcecode.swift; path = BaseRouter.swift; sourceTree = "<group>"; };
		9A09B6F02B4402DB003668B7 /* NetworkService.swift */ = {isa = PBXFileReference; lastKnownFileType = sourcecode.swift; path = NetworkService.swift; sourceTree = "<group>"; };
		9A09B6F32B440316003668B7 /* Endpoint.swift */ = {isa = PBXFileReference; lastKnownFileType = sourcecode.swift; path = Endpoint.swift; sourceTree = "<group>"; };
		9A09B6F52B440335003668B7 /* Requestable.swift */ = {isa = PBXFileReference; lastKnownFileType = sourcecode.swift; path = Requestable.swift; sourceTree = "<group>"; };
		9A09B6F72B440383003668B7 /* JSONDecoder+Default.swift */ = {isa = PBXFileReference; lastKnownFileType = sourcecode.swift; path = "JSONDecoder+Default.swift"; sourceTree = "<group>"; };
		9A09B6F92B441DD7003668B7 /* Secrets.xcconfig */ = {isa = PBXFileReference; lastKnownFileType = text.xcconfig; path = Secrets.xcconfig; sourceTree = "<group>"; };
		9A09B6FA2B443A56003668B7 /* ApiConstant.swift */ = {isa = PBXFileReference; lastKnownFileType = sourcecode.swift; path = ApiConstant.swift; sourceTree = "<group>"; };
/* End PBXFileReference section */

/* Begin PBXFrameworksBuildPhase section */
		9A09B6B82B43FB74003668B7 /* Frameworks */ = {
			isa = PBXFrameworksBuildPhase;
			buildActionMask = 2147483647;
			files = (
				9A09B6D42B43FE2B003668B7 /* Kingfisher in Frameworks */,
				9A09B6D72B43FE35003668B7 /* Alamofire in Frameworks */,
				9A09B6DA2B440088003668B7 /* Lottie in Frameworks */,
			);
			runOnlyForDeploymentPostprocessing = 0;
		};
/* End PBXFrameworksBuildPhase section */

/* Begin PBXGroup section */
		9A09B6B22B43FB74003668B7 = {
			isa = PBXGroup;
			children = (
				9A09B6F92B441DD7003668B7 /* Secrets.xcconfig */,
				9A09B6BD2B43FB74003668B7 /* NiMovies */,
				9A09B6BC2B43FB74003668B7 /* Products */,
			);
			sourceTree = "<group>";
		};
		9A09B6BC2B43FB74003668B7 /* Products */ = {
			isa = PBXGroup;
			children = (
				9A09B6BB2B43FB74003668B7 /* NiMovies.app */,
			);
			name = Products;
			sourceTree = "<group>";
		};
		9A09B6BD2B43FB74003668B7 /* NiMovies */ = {
			isa = PBXGroup;
			children = (
				9A09B6DB2B440099003668B7 /* App */,
				9A09B6DD2B44009F003668B7 /* Common */,
				9A09B6E22B4400CD003668B7 /* Managers */,
				9A09B6DC2B44009B003668B7 /* Presentation */,
				9A09B6E32B4400D0003668B7 /* Services */,
				9A09B6CC2B43FB75003668B7 /* Info.plist */,
			);
			path = NiMovies;
			sourceTree = "<group>";
		};
		9A09B6DB2B440099003668B7 /* App */ = {
			isa = PBXGroup;
			children = (
				9A09B6BE2B43FB74003668B7 /* AppDelegate.swift */,
				9A09B6C02B43FB74003668B7 /* SceneDelegate.swift */,
			);
			path = App;
			sourceTree = "<group>";
		};
		9A09B6DC2B44009B003668B7 /* Presentation */ = {
			isa = PBXGroup;
			children = (
				9A09B6E12B4400C0003668B7 /* Base */,
				9A09B6E42B4400FD003668B7 /* Scenes */,
			);
			path = Presentation;
			sourceTree = "<group>";
		};
		9A09B6DD2B44009F003668B7 /* Common */ = {
			isa = PBXGroup;
			children = (
				9A09B6E02B4400B0003668B7 /* Base */,
				9A09B6DF2B4400AC003668B7 /* Resources */,
				9A09B6DE2B4400A8003668B7 /* Extensions */,
			);
			path = Common;
			sourceTree = "<group>";
		};
		9A09B6DE2B4400A8003668B7 /* Extensions */ = {
			isa = PBXGroup;
			children = (
				9A09B6F72B440383003668B7 /* JSONDecoder+Default.swift */,
			);
			path = Extensions;
			sourceTree = "<group>";
		};
		9A09B6DF2B4400AC003668B7 /* Resources */ = {
			isa = PBXGroup;
			children = (
				9A09B6C72B43FB75003668B7 /* Assets.xcassets */,
			);
			path = Resources;
			sourceTree = "<group>";
		};
		9A09B6E02B4400B0003668B7 /* Base */ = {
			isa = PBXGroup;
			children = (
				9A09B6C92B43FB75003668B7 /* LaunchScreen.storyboard */,
			);
			path = Base;
			sourceTree = "<group>";
		};
		9A09B6E12B4400C0003668B7 /* Base */ = {
			isa = PBXGroup;
			children = (
				9A09B6EE2B440230003668B7 /* BaseRouter.swift */,
			);
			path = Base;
			sourceTree = "<group>";
		};
		9A09B6E22B4400CD003668B7 /* Managers */ = {
			isa = PBXGroup;
			children = (
				9A09B6E62B44016E003668B7 /* AppLaunchService */,
				9A09B6E52B440168003668B7 /* AppConfiguration */,
				9A09B6EB2B4401AB003668B7 /* ServiceLocator */,
			);
			path = Managers;
			sourceTree = "<group>";
		};
		9A09B6E32B4400D0003668B7 /* Services */ = {
			isa = PBXGroup;
			children = (
				9A09B6F22B4402E7003668B7 /* Network */,
			);
			path = Services;
			sourceTree = "<group>";
		};
		9A09B6E42B4400FD003668B7 /* Scenes */ = {
			isa = PBXGroup;
			children = (
			);
			path = Scenes;
			sourceTree = "<group>";
		};
		9A09B6E52B440168003668B7 /* AppConfiguration */ = {
			isa = PBXGroup;
			children = (
				9A09B6E92B440181003668B7 /* AppConfiguration.swift */,
			);
			path = AppConfiguration;
			sourceTree = "<group>";
		};
		9A09B6E62B44016E003668B7 /* AppLaunchService */ = {
			isa = PBXGroup;
			children = (
				9A09B6E72B44017C003668B7 /* AppLaunchService.swift */,
			);
			path = AppLaunchService;
			sourceTree = "<group>";
		};
		9A09B6EB2B4401AB003668B7 /* ServiceLocator */ = {
			isa = PBXGroup;
			children = (
				9A09B6EC2B4401B9003668B7 /* ServiceLocator.swift */,
			);
			path = ServiceLocator;
			sourceTree = "<group>";
		};
		9A09B6F22B4402E7003668B7 /* Network */ = {
			isa = PBXGroup;
			children = (
				9A09B6F02B4402DB003668B7 /* NetworkService.swift */,
				9A09B6F32B440316003668B7 /* Endpoint.swift */,
				9A09B6F52B440335003668B7 /* Requestable.swift */,
				9A09B6FA2B443A56003668B7 /* ApiConstant.swift */,
			);
			path = Network;
			sourceTree = "<group>";
		};
/* End PBXGroup section */

/* Begin PBXNativeTarget section */
		9A09B6BA2B43FB74003668B7 /* NiMovies */ = {
			isa = PBXNativeTarget;
			buildConfigurationList = 9A09B6CF2B43FB75003668B7 /* Build configuration list for PBXNativeTarget "NiMovies" */;
			buildPhases = (
				9A09B6B72B43FB74003668B7 /* Sources */,
				9A09B6B82B43FB74003668B7 /* Frameworks */,
				9A09B6B92B43FB74003668B7 /* Resources */,
			);
			buildRules = (
			);
			dependencies = (
			);
			name = NiMovies;
			packageProductDependencies = (
				9A09B6D32B43FE2B003668B7 /* Kingfisher */,
				9A09B6D62B43FE35003668B7 /* Alamofire */,
				9A09B6D92B440088003668B7 /* Lottie */,
			);
			productName = NiMovies;
			productReference = 9A09B6BB2B43FB74003668B7 /* NiMovies.app */;
			productType = "com.apple.product-type.application";
		};
/* End PBXNativeTarget section */

/* Begin PBXProject section */
		9A09B6B32B43FB74003668B7 /* Project object */ = {
			isa = PBXProject;
			attributes = {
				BuildIndependentTargetsInParallel = 1;
				LastSwiftUpdateCheck = 1500;
				LastUpgradeCheck = 1500;
				TargetAttributes = {
					9A09B6BA2B43FB74003668B7 = {
						CreatedOnToolsVersion = 15.0.1;
					};
				};
			};
			buildConfigurationList = 9A09B6B62B43FB74003668B7 /* Build configuration list for PBXProject "NiMovies" */;
			compatibilityVersion = "Xcode 14.0";
			developmentRegion = en;
			hasScannedForEncodings = 0;
			knownRegions = (
				en,
				Base,
			);
			mainGroup = 9A09B6B22B43FB74003668B7;
			packageReferences = (
				9A09B6D22B43FE2B003668B7 /* XCRemoteSwiftPackageReference "Kingfisher" */,
				9A09B6D52B43FE35003668B7 /* XCRemoteSwiftPackageReference "Alamofire" */,
				9A09B6D82B440088003668B7 /* XCRemoteSwiftPackageReference "lottie-ios" */,
			);
			productRefGroup = 9A09B6BC2B43FB74003668B7 /* Products */;
			projectDirPath = "";
			projectRoot = "";
			targets = (
				9A09B6BA2B43FB74003668B7 /* NiMovies */,
			);
		};
/* End PBXProject section */

/* Begin PBXResourcesBuildPhase section */
		9A09B6B92B43FB74003668B7 /* Resources */ = {
			isa = PBXResourcesBuildPhase;
			buildActionMask = 2147483647;
			files = (
				9A09B6CB2B43FB75003668B7 /* LaunchScreen.storyboard in Resources */,
				9A09B6C82B43FB75003668B7 /* Assets.xcassets in Resources */,
			);
			runOnlyForDeploymentPostprocessing = 0;
		};
/* End PBXResourcesBuildPhase section */

/* Begin PBXSourcesBuildPhase section */
		9A09B6B72B43FB74003668B7 /* Sources */ = {
			isa = PBXSourcesBuildPhase;
			buildActionMask = 2147483647;
			files = (
				9A09B6E82B44017C003668B7 /* AppLaunchService.swift in Sources */,
				9A09B6EF2B440230003668B7 /* BaseRouter.swift in Sources */,
				9A09B6F42B440316003668B7 /* Endpoint.swift in Sources */,
				9A09B6F62B440335003668B7 /* Requestable.swift in Sources */,
				9A09B6ED2B4401B9003668B7 /* ServiceLocator.swift in Sources */,
				9A09B6BF2B43FB74003668B7 /* AppDelegate.swift in Sources */,
				9A09B6EA2B440181003668B7 /* AppConfiguration.swift in Sources */,
				9A09B6C12B43FB74003668B7 /* SceneDelegate.swift in Sources */,
				9A09B6F12B4402DB003668B7 /* NetworkService.swift in Sources */,
				9A09B6F82B440383003668B7 /* JSONDecoder+Default.swift in Sources */,
				9A09B6FB2B443A56003668B7 /* ApiConstant.swift in Sources */,
			);
			runOnlyForDeploymentPostprocessing = 0;
		};
/* End PBXSourcesBuildPhase section */

/* Begin PBXVariantGroup section */
		9A09B6C92B43FB75003668B7 /* LaunchScreen.storyboard */ = {
			isa = PBXVariantGroup;
			children = (
				9A09B6CA2B43FB75003668B7 /* Base */,
			);
			name = LaunchScreen.storyboard;
			sourceTree = "<group>";
		};
/* End PBXVariantGroup section */

/* Begin XCBuildConfiguration section */
		9A09B6CD2B43FB75003668B7 /* Debug */ = {
			isa = XCBuildConfiguration;
			buildSettings = {
				ALWAYS_SEARCH_USER_PATHS = NO;
				ASSETCATALOG_COMPILER_GENERATE_SWIFT_ASSET_SYMBOL_EXTENSIONS = YES;
				CLANG_ANALYZER_NONNULL = YES;
				CLANG_ANALYZER_NUMBER_OBJECT_CONVERSION = YES_AGGRESSIVE;
				CLANG_CXX_LANGUAGE_STANDARD = "gnu++20";
				CLANG_ENABLE_MODULES = YES;
				CLANG_ENABLE_OBJC_ARC = YES;
				CLANG_ENABLE_OBJC_WEAK = YES;
				CLANG_WARN_BLOCK_CAPTURE_AUTORELEASING = YES;
				CLANG_WARN_BOOL_CONVERSION = YES;
				CLANG_WARN_COMMA = YES;
				CLANG_WARN_CONSTANT_CONVERSION = YES;
				CLANG_WARN_DEPRECATED_OBJC_IMPLEMENTATIONS = YES;
				CLANG_WARN_DIRECT_OBJC_ISA_USAGE = YES_ERROR;
				CLANG_WARN_DOCUMENTATION_COMMENTS = YES;
				CLANG_WARN_EMPTY_BODY = YES;
				CLANG_WARN_ENUM_CONVERSION = YES;
				CLANG_WARN_INFINITE_RECURSION = YES;
				CLANG_WARN_INT_CONVERSION = YES;
				CLANG_WARN_NON_LITERAL_NULL_CONVERSION = YES;
				CLANG_WARN_OBJC_IMPLICIT_RETAIN_SELF = YES;
				CLANG_WARN_OBJC_LITERAL_CONVERSION = YES;
				CLANG_WARN_OBJC_ROOT_CLASS = YES_ERROR;
				CLANG_WARN_QUOTED_INCLUDE_IN_FRAMEWORK_HEADER = YES;
				CLANG_WARN_RANGE_LOOP_ANALYSIS = YES;
				CLANG_WARN_STRICT_PROTOTYPES = YES;
				CLANG_WARN_SUSPICIOUS_MOVE = YES;
				CLANG_WARN_UNGUARDED_AVAILABILITY = YES_AGGRESSIVE;
				CLANG_WARN_UNREACHABLE_CODE = YES;
				CLANG_WARN__DUPLICATE_METHOD_MATCH = YES;
				COPY_PHASE_STRIP = NO;
				DEBUG_INFORMATION_FORMAT = dwarf;
				ENABLE_STRICT_OBJC_MSGSEND = YES;
				ENABLE_TESTABILITY = YES;
				ENABLE_USER_SCRIPT_SANDBOXING = YES;
				GCC_C_LANGUAGE_STANDARD = gnu17;
				GCC_DYNAMIC_NO_PIC = NO;
				GCC_NO_COMMON_BLOCKS = YES;
				GCC_OPTIMIZATION_LEVEL = 0;
				GCC_PREPROCESSOR_DEFINITIONS = (
					"DEBUG=1",
					"$(inherited)",
				);
				GCC_WARN_64_TO_32_BIT_CONVERSION = YES;
				GCC_WARN_ABOUT_RETURN_TYPE = YES_ERROR;
				GCC_WARN_UNDECLARED_SELECTOR = YES;
				GCC_WARN_UNINITIALIZED_AUTOS = YES_AGGRESSIVE;
				GCC_WARN_UNUSED_FUNCTION = YES;
				GCC_WARN_UNUSED_VARIABLE = YES;
				IPHONEOS_DEPLOYMENT_TARGET = 14.0;
				LOCALIZATION_PREFERS_STRING_CATALOGS = YES;
				MTL_ENABLE_DEBUG_INFO = INCLUDE_SOURCE;
				MTL_FAST_MATH = YES;
				ONLY_ACTIVE_ARCH = YES;
				SDKROOT = iphoneos;
				SWIFT_ACTIVE_COMPILATION_CONDITIONS = "DEBUG $(inherited)";
				SWIFT_OPTIMIZATION_LEVEL = "-Onone";
			};
			name = Debug;
		};
		9A09B6CE2B43FB75003668B7 /* Release */ = {
			isa = XCBuildConfiguration;
			buildSettings = {
				ALWAYS_SEARCH_USER_PATHS = NO;
				ASSETCATALOG_COMPILER_GENERATE_SWIFT_ASSET_SYMBOL_EXTENSIONS = YES;
				CLANG_ANALYZER_NONNULL = YES;
				CLANG_ANALYZER_NUMBER_OBJECT_CONVERSION = YES_AGGRESSIVE;
				CLANG_CXX_LANGUAGE_STANDARD = "gnu++20";
				CLANG_ENABLE_MODULES = YES;
				CLANG_ENABLE_OBJC_ARC = YES;
				CLANG_ENABLE_OBJC_WEAK = YES;
				CLANG_WARN_BLOCK_CAPTURE_AUTORELEASING = YES;
				CLANG_WARN_BOOL_CONVERSION = YES;
				CLANG_WARN_COMMA = YES;
				CLANG_WARN_CONSTANT_CONVERSION = YES;
				CLANG_WARN_DEPRECATED_OBJC_IMPLEMENTATIONS = YES;
				CLANG_WARN_DIRECT_OBJC_ISA_USAGE = YES_ERROR;
				CLANG_WARN_DOCUMENTATION_COMMENTS = YES;
				CLANG_WARN_EMPTY_BODY = YES;
				CLANG_WARN_ENUM_CONVERSION = YES;
				CLANG_WARN_INFINITE_RECURSION = YES;
				CLANG_WARN_INT_CONVERSION = YES;
				CLANG_WARN_NON_LITERAL_NULL_CONVERSION = YES;
				CLANG_WARN_OBJC_IMPLICIT_RETAIN_SELF = YES;
				CLANG_WARN_OBJC_LITERAL_CONVERSION = YES;
				CLANG_WARN_OBJC_ROOT_CLASS = YES_ERROR;
				CLANG_WARN_QUOTED_INCLUDE_IN_FRAMEWORK_HEADER = YES;
				CLANG_WARN_RANGE_LOOP_ANALYSIS = YES;
				CLANG_WARN_STRICT_PROTOTYPES = YES;
				CLANG_WARN_SUSPICIOUS_MOVE = YES;
				CLANG_WARN_UNGUARDED_AVAILABILITY = YES_AGGRESSIVE;
				CLANG_WARN_UNREACHABLE_CODE = YES;
				CLANG_WARN__DUPLICATE_METHOD_MATCH = YES;
				COPY_PHASE_STRIP = NO;
				DEBUG_INFORMATION_FORMAT = "dwarf-with-dsym";
				ENABLE_NS_ASSERTIONS = NO;
				ENABLE_STRICT_OBJC_MSGSEND = YES;
				ENABLE_USER_SCRIPT_SANDBOXING = YES;
				GCC_C_LANGUAGE_STANDARD = gnu17;
				GCC_NO_COMMON_BLOCKS = YES;
				GCC_WARN_64_TO_32_BIT_CONVERSION = YES;
				GCC_WARN_ABOUT_RETURN_TYPE = YES_ERROR;
				GCC_WARN_UNDECLARED_SELECTOR = YES;
				GCC_WARN_UNINITIALIZED_AUTOS = YES_AGGRESSIVE;
				GCC_WARN_UNUSED_FUNCTION = YES;
				GCC_WARN_UNUSED_VARIABLE = YES;
				IPHONEOS_DEPLOYMENT_TARGET = 14.0;
				LOCALIZATION_PREFERS_STRING_CATALOGS = YES;
				MTL_ENABLE_DEBUG_INFO = NO;
				MTL_FAST_MATH = YES;
				SDKROOT = iphoneos;
				SWIFT_COMPILATION_MODE = wholemodule;
				VALIDATE_PRODUCT = YES;
			};
			name = Release;
		};
		9A09B6D02B43FB75003668B7 /* Debug */ = {
			isa = XCBuildConfiguration;
			buildSettings = {
				ASSETCATALOG_COMPILER_APPICON_NAME = AppIcon;
				ASSETCATALOG_COMPILER_GLOBAL_ACCENT_COLOR_NAME = AccentColor;
				CODE_SIGN_STYLE = Automatic;
				CURRENT_PROJECT_VERSION = 1;
				DEVELOPMENT_TEAM = 9A2Y9UTZLK;
				GENERATE_INFOPLIST_FILE = YES;
				INFOPLIST_FILE = NiMovies/Info.plist;
				INFOPLIST_KEY_UIApplicationSupportsIndirectInputEvents = YES;
				INFOPLIST_KEY_UILaunchStoryboardName = LaunchScreen;
				INFOPLIST_KEY_UISupportedInterfaceOrientations = UIInterfaceOrientationPortrait;
				IPHONEOS_DEPLOYMENT_TARGET = 14.0;
				LD_RUNPATH_SEARCH_PATHS = (
					"$(inherited)",
					"@executable_path/Frameworks",
				);
				MARKETING_VERSION = 1.0;
				PRODUCT_BUNDLE_IDENTIFIER = com.niestierov.NiMovies;
				PRODUCT_NAME = "$(TARGET_NAME)";
				SWIFT_EMIT_LOC_STRINGS = YES;
				SWIFT_VERSION = 5.0;
				TARGETED_DEVICE_FAMILY = "1,2";
			};
			name = Debug;
		};
		9A09B6D12B43FB75003668B7 /* Release */ = {
			isa = XCBuildConfiguration;
			buildSettings = {
				ASSETCATALOG_COMPILER_APPICON_NAME = AppIcon;
				ASSETCATALOG_COMPILER_GLOBAL_ACCENT_COLOR_NAME = AccentColor;
				CODE_SIGN_STYLE = Automatic;
				CURRENT_PROJECT_VERSION = 1;
				DEVELOPMENT_TEAM = 9A2Y9UTZLK;
				GENERATE_INFOPLIST_FILE = YES;
				INFOPLIST_FILE = NiMovies/Info.plist;
				INFOPLIST_KEY_UIApplicationSupportsIndirectInputEvents = YES;
				INFOPLIST_KEY_UILaunchStoryboardName = LaunchScreen;
				INFOPLIST_KEY_UISupportedInterfaceOrientations = UIInterfaceOrientationPortrait;
				IPHONEOS_DEPLOYMENT_TARGET = 14.0;
				LD_RUNPATH_SEARCH_PATHS = (
					"$(inherited)",
					"@executable_path/Frameworks",
				);
				MARKETING_VERSION = 1.0;
				PRODUCT_BUNDLE_IDENTIFIER = com.niestierov.NiMovies;
				PRODUCT_NAME = "$(TARGET_NAME)";
				SWIFT_EMIT_LOC_STRINGS = YES;
				SWIFT_VERSION = 5.0;
				TARGETED_DEVICE_FAMILY = "1,2";
			};
			name = Release;
		};
/* End XCBuildConfiguration section */

/* Begin XCConfigurationList section */
		9A09B6B62B43FB74003668B7 /* Build configuration list for PBXProject "NiMovies" */ = {
			isa = XCConfigurationList;
			buildConfigurations = (
				9A09B6CD2B43FB75003668B7 /* Debug */,
				9A09B6CE2B43FB75003668B7 /* Release */,
			);
			defaultConfigurationIsVisible = 0;
			defaultConfigurationName = Release;
		};
		9A09B6CF2B43FB75003668B7 /* Build configuration list for PBXNativeTarget "NiMovies" */ = {
			isa = XCConfigurationList;
			buildConfigurations = (
				9A09B6D02B43FB75003668B7 /* Debug */,
				9A09B6D12B43FB75003668B7 /* Release */,
			);
			defaultConfigurationIsVisible = 0;
			defaultConfigurationName = Release;
		};
/* End XCConfigurationList section */

/* Begin XCRemoteSwiftPackageReference section */
		9A09B6D22B43FE2B003668B7 /* XCRemoteSwiftPackageReference "Kingfisher" */ = {
			isa = XCRemoteSwiftPackageReference;
			repositoryURL = "https://github.com/onevcat/Kingfisher.git";
			requirement = {
				kind = upToNextMajorVersion;
				minimumVersion = 7.10.1;
			};
		};
		9A09B6D52B43FE35003668B7 /* XCRemoteSwiftPackageReference "Alamofire" */ = {
			isa = XCRemoteSwiftPackageReference;
			repositoryURL = "https://github.com/Alamofire/Alamofire.git";
			requirement = {
				kind = upToNextMajorVersion;
				minimumVersion = 5.8.1;
			};
		};
		9A09B6D82B440088003668B7 /* XCRemoteSwiftPackageReference "lottie-ios" */ = {
			isa = XCRemoteSwiftPackageReference;
			repositoryURL = "https://github.com/airbnb/lottie-ios";
			requirement = {
				kind = upToNextMajorVersion;
				minimumVersion = 4.3.4;
			};
		};
/* End XCRemoteSwiftPackageReference section */

/* Begin XCSwiftPackageProductDependency section */
		9A09B6D32B43FE2B003668B7 /* Kingfisher */ = {
			isa = XCSwiftPackageProductDependency;
			package = 9A09B6D22B43FE2B003668B7 /* XCRemoteSwiftPackageReference "Kingfisher" */;
			productName = Kingfisher;
		};
		9A09B6D62B43FE35003668B7 /* Alamofire */ = {
			isa = XCSwiftPackageProductDependency;
			package = 9A09B6D52B43FE35003668B7 /* XCRemoteSwiftPackageReference "Alamofire" */;
			productName = Alamofire;
		};
		9A09B6D92B440088003668B7 /* Lottie */ = {
			isa = XCSwiftPackageProductDependency;
			package = 9A09B6D82B440088003668B7 /* XCRemoteSwiftPackageReference "lottie-ios" */;
			productName = Lottie;
		};
/* End XCSwiftPackageProductDependency section */
	};
	rootObject = 9A09B6B32B43FB74003668B7 /* Project object */;
}
